{
  "nodes": {
    "nixpkgs": {
      "locked": {
        "lastModified": 1756945235,
        "narHash": "sha256-4UMe0zH1rXPe3f3WOPZrKQAIfJAmXcSCLf1dM6GXbOQ=",
        "owner": "nixos",
        "repo": "nixpkgs",
        "rev": "8f8dad7546c1a1a5d336f88d03d72957e70a85c7",
        "type": "github"
      },
      "original": {
        "owner": "nixos",
        "ref": "nixpkgs-25.05-darwin",
        "repo": "nixpkgs",
        "type": "github"
      }
    },
    "root": {
      "inputs": {
        "nixpkgs": "nixpkgs"
      }
    }
  },
  "root": "root",
  "version": 7
}
